
Microsoft Visual Studio Solution File, Format Version 12.00
# Visual Studio Version 17
VisualStudioVersion = 17.13.35806.99 d17.13
MinimumVisualStudioVersion = 10.0.40219.1
Project("{FAE04EC0-301F-11D3-BF4B-00C04F79EFBC}") = "Lab2_Skip", "Lab2_Skip\Lab2_Skip.csproj", "{C08E0350-2ADF-43BC-AE9A-B11B414E9161}"
EndProject
Global
	GlobalSection(SolutionConfigurationPlatforms) = preSolution
		Debug|Any CPU = Debug|Any CPU
		Release|Any CPU = Release|Any CPU
	EndGlobalSection
	GlobalSection(ProjectConfigurationPlatforms) = postSolution
		{C08E0350-2ADF-43BC-AE9A-B11B414E9161}.Debug|Any CPU.ActiveCfg = Debug|Any CPU
		{C08E0350-2ADF-43BC-AE9A-B11B414E9161}.Debug|Any CPU.Build.0 = Debug|Any CPU
		{C08E0350-2ADF-43BC-AE9A-B11B414E9161}.Release|Any CPU.ActiveCfg = Release|Any CPU
		{C08E0350-2ADF-43BC-AE9A-B11B414E9161}.Release|Any CPU.Build.0 = Release|Any CPU
	EndGlobalSection
	GlobalSection(SolutionProperties) = preSolution
		HideSolutionNode = FALSE
	EndGlobalSection
	GlobalSection(ExtensibilityGlobals) = postSolution
		SolutionGuid = {C9581A27-48B3-49ED-91CA-9A773ACDA1F3}
	EndGlobalSection
EndGlobal
